
Microsoft Visual Studio Solution File, Format Version 12.00
# Visual Studio Version 17
VisualStudioVersion = 17.11.35208.52
MinimumVisualStudioVersion = 10.0.40219.1
Project("{FAE04EC0-301F-11D3-BF4B-00C04F79EFBC}") = "GUI", "GUI\GUI.csproj", "{BAFAF79D-572C-4A45-B2CF-DD9B92F50CBE}"
EndProject
Global
	GlobalSection(SolutionConfigurationPlatforms) = preSolution
		Debug|Any CPU = Debug|Any CPU
		Release|Any CPU = Release|Any CPU
	EndGlobalSection
	GlobalSection(ProjectConfigurationPlatforms) = postSolution
		{BAFAF79D-572C-4A45-B2CF-DD9B92F50CBE}.Debug|Any CPU.ActiveCfg = Debug|Any CPU
		{BAFAF79D-572C-4A45-B2CF-DD9B92F50CBE}.Debug|Any CPU.Build.0 = Debug|Any CPU
		{BAFAF79D-572C-4A45-B2CF-DD9B92F50CBE}.Release|Any CPU.ActiveCfg = Release|Any CPU
		{BAFAF79D-572C-4A45-B2CF-DD9B92F50CBE}.Release|Any CPU.Build.0 = Release|Any CPU
	EndGlobalSection
	GlobalSection(SolutionProperties) = preSolution
		HideSolutionNode = FALSE
	EndGlobalSection
	GlobalSection(ExtensibilityGlobals) = postSolution
		SolutionGuid = {EDB75A23-AA00-4C10-8188-63BC4DC383A2}
	EndGlobalSection
EndGlobal
